
Microsoft Visual Studio Solution File, Format Version 12.00
# Visual Studio Version 17
VisualStudioVersion = 17.10.35013.160
MinimumVisualStudioVersion = 10.0.40219.1
Project("{FAE04EC0-301F-11D3-BF4B-00C04F79EFBC}") = "NS.Logging", "NS.Logging\NS.Logging.csproj", "{863899EC-F0E3-4663-8104-E8236C1B644B}"
EndProject
Global
	GlobalSection(SolutionConfigurationPlatforms) = preSolution
		Debug|Any CPU = Debug|Any CPU
		Release|Any CPU = Release|Any CPU
	EndGlobalSection
	GlobalSection(ProjectConfigurationPlatforms) = postSolution
		{863899EC-F0E3-4663-8104-E8236C1B644B}.Debug|Any CPU.ActiveCfg = Debug|Any CPU
		{863899EC-F0E3-4663-8104-E8236C1B644B}.Debug|Any CPU.Build.0 = Debug|Any CPU
		{863899EC-F0E3-4663-8104-E8236C1B644B}.Release|Any CPU.ActiveCfg = Release|Any CPU
		{863899EC-F0E3-4663-8104-E8236C1B644B}.Release|Any CPU.Build.0 = Release|Any CPU
	EndGlobalSection
	GlobalSection(SolutionProperties) = preSolution
		HideSolutionNode = FALSE
	EndGlobalSection
	GlobalSection(ExtensibilityGlobals) = postSolution
		SolutionGuid = {E93C2785-B863-472E-90CE-726D88CB6AD7}
	EndGlobalSection
EndGlobal
